// !$*UTF8*$!
{
	archiveVersion = 1;
	classes = {
	};
	objectVersion = 56;
	objects = {

/* Begin PBXBuildFile section */
		E7495CCA2A386E4400BEAD7D /* TransactionDetails.swift in Sources */ = {isa = PBXBuildFile; fileRef = E7495CC92A386E4400BEAD7D /* TransactionDetails.swift */; };
		E7F259D42A39E941002594D9 /* NetworkMonitor.swift in Sources */ = {isa = PBXBuildFile; fileRef = E7F259D32A39E941002594D9 /* NetworkMonitor.swift */; };
		E7F2F4662A370F9F00AB2F7B /* PayBackChallengeApp.swift in Sources */ = {isa = PBXBuildFile; fileRef = E7F2F4652A370F9F00AB2F7B /* PayBackChallengeApp.swift */; };
		E7F2F4682A370F9F00AB2F7B /* ContentView.swift in Sources */ = {isa = PBXBuildFile; fileRef = E7F2F4672A370F9F00AB2F7B /* ContentView.swift */; };
		E7F2F46A2A370FA000AB2F7B /* Assets.xcassets in Resources */ = {isa = PBXBuildFile; fileRef = E7F2F4692A370FA000AB2F7B /* Assets.xcassets */; };
		E7F2F46D2A370FA000AB2F7B /* Preview Assets.xcassets in Resources */ = {isa = PBXBuildFile; fileRef = E7F2F46C2A370FA000AB2F7B /* Preview Assets.xcassets */; };
		E7F2F4742A3711AE00AB2F7B /* Extensions .swift in Sources */ = {isa = PBXBuildFile; fileRef = E7F2F4732A3711AE00AB2F7B /* Extensions .swift */; };
		E7F2F4772A37162500AB2F7B /* TransactionModel.swift in Sources */ = {isa = PBXBuildFile; fileRef = E7F2F4762A37162500AB2F7B /* TransactionModel.swift */; };
		E7F2F47C2A371EA100AB2F7B /* PreviewData.swift in Sources */ = {isa = PBXBuildFile; fileRef = E7F2F47B2A371EA100AB2F7B /* PreviewData.swift */; };
		E7F2F47E2A37205400AB2F7B /* TransactionRow.swift in Sources */ = {isa = PBXBuildFile; fileRef = E7F2F47D2A37205400AB2F7B /* TransactionRow.swift */; };
		E7F2F4812A3723EB00AB2F7B /* TransactionRowViewModel.swift in Sources */ = {isa = PBXBuildFile; fileRef = E7F2F4802A3723EB00AB2F7B /* TransactionRowViewModel.swift */; };
		E7F2F4832A373B0C00AB2F7B /* TransactionListViewModel.swift in Sources */ = {isa = PBXBuildFile; fileRef = E7F2F4822A373B0C00AB2F7B /* TransactionListViewModel.swift */; };
		E7F2F4852A37439200AB2F7B /* MockData.swift in Sources */ = {isa = PBXBuildFile; fileRef = E7F2F4842A37439200AB2F7B /* MockData.swift */; };
		E7F2F4882A37515300AB2F7B /* TransactionList .swift in Sources */ = {isa = PBXBuildFile; fileRef = E7F2F4872A37515300AB2F7B /* TransactionList .swift */; };
		E7F2F48A2A377C7000AB2F7B /* FilterButton.swift in Sources */ = {isa = PBXBuildFile; fileRef = E7F2F4892A377C7000AB2F7B /* FilterButton.swift */; };
/* End PBXBuildFile section */

/* Begin PBXFileReference section */
		E7495CC92A386E4400BEAD7D /* TransactionDetails.swift */ = {isa = PBXFileReference; lastKnownFileType = sourcecode.swift; path = TransactionDetails.swift; sourceTree = "<group>"; };
		E7F259D32A39E941002594D9 /* NetworkMonitor.swift */ = {isa = PBXFileReference; lastKnownFileType = sourcecode.swift; path = NetworkMonitor.swift; sourceTree = "<group>"; };
		E7F2F4622A370F9E00AB2F7B /* PayBackChallenge.app */ = {isa = PBXFileReference; explicitFileType = wrapper.application; includeInIndex = 0; path = PayBackChallenge.app; sourceTree = BUILT_PRODUCTS_DIR; };
		E7F2F4652A370F9F00AB2F7B /* PayBackChallengeApp.swift */ = {isa = PBXFileReference; lastKnownFileType = sourcecode.swift; path = PayBackChallengeApp.swift; sourceTree = "<group>"; };
		E7F2F4672A370F9F00AB2F7B /* ContentView.swift */ = {isa = PBXFileReference; lastKnownFileType = sourcecode.swift; path = ContentView.swift; sourceTree = "<group>"; };
		E7F2F4692A370FA000AB2F7B /* Assets.xcassets */ = {isa = PBXFileReference; lastKnownFileType = folder.assetcatalog; path = Assets.xcassets; sourceTree = "<group>"; };
		E7F2F46C2A370FA000AB2F7B /* Preview Assets.xcassets */ = {isa = PBXFileReference; lastKnownFileType = folder.assetcatalog; path = "Preview Assets.xcassets"; sourceTree = "<group>"; };
		E7F2F4732A3711AE00AB2F7B /* Extensions .swift */ = {isa = PBXFileReference; lastKnownFileType = sourcecode.swift; path = "Extensions .swift"; sourceTree = "<group>"; };
		E7F2F4762A37162500AB2F7B /* TransactionModel.swift */ = {isa = PBXFileReference; lastKnownFileType = sourcecode.swift; path = TransactionModel.swift; sourceTree = "<group>"; };
		E7F2F47B2A371EA100AB2F7B /* PreviewData.swift */ = {isa = PBXFileReference; lastKnownFileType = sourcecode.swift; path = PreviewData.swift; sourceTree = "<group>"; };
		E7F2F47D2A37205400AB2F7B /* TransactionRow.swift */ = {isa = PBXFileReference; lastKnownFileType = sourcecode.swift; path = TransactionRow.swift; sourceTree = "<group>"; };
		E7F2F4802A3723EB00AB2F7B /* TransactionRowViewModel.swift */ = {isa = PBXFileReference; lastKnownFileType = sourcecode.swift; path = TransactionRowViewModel.swift; sourceTree = "<group>"; };
		E7F2F4822A373B0C00AB2F7B /* TransactionListViewModel.swift */ = {isa = PBXFileReference; lastKnownFileType = sourcecode.swift; path = TransactionListViewModel.swift; sourceTree = "<group>"; };
		E7F2F4842A37439200AB2F7B /* MockData.swift */ = {isa = PBXFileReference; lastKnownFileType = sourcecode.swift; path = MockData.swift; sourceTree = "<group>"; };
		E7F2F4872A37515300AB2F7B /* TransactionList .swift */ = {isa = PBXFileReference; lastKnownFileType = sourcecode.swift; path = "TransactionList .swift"; sourceTree = "<group>"; };
		E7F2F4892A377C7000AB2F7B /* FilterButton.swift */ = {isa = PBXFileReference; lastKnownFileType = sourcecode.swift; path = FilterButton.swift; sourceTree = "<group>"; };
/* End PBXFileReference section */

/* Begin PBXFrameworksBuildPhase section */
		E7F2F45F2A370F9E00AB2F7B /* Frameworks */ = {
			isa = PBXFrameworksBuildPhase;
			buildActionMask = 2147483647;
			files = (
			);
			runOnlyForDeploymentPostprocessing = 0;
		};
/* End PBXFrameworksBuildPhase section */

/* Begin PBXGroup section */
		E7F2F4592A370F9E00AB2F7B = {
			isa = PBXGroup;
			children = (
				E7F2F4642A370F9F00AB2F7B /* PayBackChallenge */,
				E7F2F4632A370F9E00AB2F7B /* Products */,
			);
			sourceTree = "<group>";
		};
		E7F2F4632A370F9E00AB2F7B /* Products */ = {
			isa = PBXGroup;
			children = (
				E7F2F4622A370F9E00AB2F7B /* PayBackChallenge.app */,
			);
			name = Products;
			sourceTree = "<group>";
		};
		E7F2F4642A370F9F00AB2F7B /* PayBackChallenge */ = {
			isa = PBXGroup;
			children = (
				E7F2F4652A370F9F00AB2F7B /* PayBackChallengeApp.swift */,
				E7F2F4782A37166300AB2F7B /* Helpers */,
				E7F2F4752A37160C00AB2F7B /* Model */,
				E7F2F47F2A3723AF00AB2F7B /* VievModel */,
				E7F2F4862A37512B00AB2F7B /* View */,
				E7F2F4692A370FA000AB2F7B /* Assets.xcassets */,
				E7F2F46B2A370FA000AB2F7B /* Preview Content */,
			);
			path = PayBackChallenge;
			sourceTree = "<group>";
		};
		E7F2F46B2A370FA000AB2F7B /* Preview Content */ = {
			isa = PBXGroup;
			children = (
				E7F2F46C2A370FA000AB2F7B /* Preview Assets.xcassets */,
				E7F2F47B2A371EA100AB2F7B /* PreviewData.swift */,
			);
			path = "Preview Content";
			sourceTree = "<group>";
		};
		E7F2F4752A37160C00AB2F7B /* Model */ = {
			isa = PBXGroup;
			children = (
				E7F2F4762A37162500AB2F7B /* TransactionModel.swift */,
			);
			path = Model;
			sourceTree = "<group>";
		};
		E7F2F4782A37166300AB2F7B /* Helpers */ = {
			isa = PBXGroup;
			children = (
				E7F259D32A39E941002594D9 /* NetworkMonitor.swift */,
				E7F2F4732A3711AE00AB2F7B /* Extensions .swift */,
				E7F2F4842A37439200AB2F7B /* MockData.swift */,
			);
			path = Helpers;
			sourceTree = "<group>";
		};
		E7F2F47F2A3723AF00AB2F7B /* VievModel */ = {
			isa = PBXGroup;
			children = (
				E7F2F4822A373B0C00AB2F7B /* TransactionListViewModel.swift */,
				E7F2F4802A3723EB00AB2F7B /* TransactionRowViewModel.swift */,
			);
			path = VievModel;
			sourceTree = "<group>";
		};
		E7F2F4862A37512B00AB2F7B /* View */ = {
			isa = PBXGroup;
			children = (
				E7F2F4672A370F9F00AB2F7B /* ContentView.swift */,
				E7F2F4872A37515300AB2F7B /* TransactionList .swift */,
				E7F2F47D2A37205400AB2F7B /* TransactionRow.swift */,
				E7F2F4892A377C7000AB2F7B /* FilterButton.swift */,
				E7495CC92A386E4400BEAD7D /* TransactionDetails.swift */,
			);
			path = View;
			sourceTree = "<group>";
		};
/* End PBXGroup section */

/* Begin PBXNativeTarget section */
		E7F2F4612A370F9E00AB2F7B /* PayBackChallenge */ = {
			isa = PBXNativeTarget;
			buildConfigurationList = E7F2F4702A370FA000AB2F7B /* Build configuration list for PBXNativeTarget "PayBackChallenge" */;
			buildPhases = (
				E7F2F45E2A370F9E00AB2F7B /* Sources */,
				E7F2F45F2A370F9E00AB2F7B /* Frameworks */,
				E7F2F4602A370F9E00AB2F7B /* Resources */,
			);
			buildRules = (
			);
			dependencies = (
			);
			name = PayBackChallenge;
			productName = PayBackChallenge;
			productReference = E7F2F4622A370F9E00AB2F7B /* PayBackChallenge.app */;
			productType = "com.apple.product-type.application";
		};
/* End PBXNativeTarget section */

/* Begin PBXProject section */
		E7F2F45A2A370F9E00AB2F7B /* Project object */ = {
			isa = PBXProject;
			attributes = {
				BuildIndependentTargetsInParallel = 1;
				LastSwiftUpdateCheck = 1420;
				LastUpgradeCheck = 1420;
				TargetAttributes = {
					E7F2F4612A370F9E00AB2F7B = {
						CreatedOnToolsVersion = 14.2;
					};
				};
			};
			buildConfigurationList = E7F2F45D2A370F9E00AB2F7B /* Build configuration list for PBXProject "PayBackChallenge" */;
			compatibilityVersion = "Xcode 14.0";
			developmentRegion = en;
			hasScannedForEncodings = 0;
			knownRegions = (
				en,
				Base,
			);
			mainGroup = E7F2F4592A370F9E00AB2F7B;
			productRefGroup = E7F2F4632A370F9E00AB2F7B /* Products */;
			projectDirPath = "";
			projectRoot = "";
			targets = (
				E7F2F4612A370F9E00AB2F7B /* PayBackChallenge */,
			);
		};
/* End PBXProject section */

/* Begin PBXResourcesBuildPhase section */
		E7F2F4602A370F9E00AB2F7B /* Resources */ = {
			isa = PBXResourcesBuildPhase;
			buildActionMask = 2147483647;
			files = (
				E7F2F46D2A370FA000AB2F7B /* Preview Assets.xcassets in Resources */,
				E7F2F46A2A370FA000AB2F7B /* Assets.xcassets in Resources */,
			);
			runOnlyForDeploymentPostprocessing = 0;
		};
/* End PBXResourcesBuildPhase section */

/* Begin PBXSourcesBuildPhase section */
		E7F2F45E2A370F9E00AB2F7B /* Sources */ = {
			isa = PBXSourcesBuildPhase;
			buildActionMask = 2147483647;
			files = (
				E7F2F47C2A371EA100AB2F7B /* PreviewData.swift in Sources */,
				E7F2F4882A37515300AB2F7B /* TransactionList .swift in Sources */,
				E7495CCA2A386E4400BEAD7D /* TransactionDetails.swift in Sources */,
				E7F2F4772A37162500AB2F7B /* TransactionModel.swift in Sources */,
				E7F2F4742A3711AE00AB2F7B /* Extensions .swift in Sources */,
				E7F2F4812A3723EB00AB2F7B /* TransactionRowViewModel.swift in Sources */,
				E7F2F4852A37439200AB2F7B /* MockData.swift in Sources */,
				E7F2F4832A373B0C00AB2F7B /* TransactionListViewModel.swift in Sources */,
				E7F2F47E2A37205400AB2F7B /* TransactionRow.swift in Sources */,
				E7F259D42A39E941002594D9 /* NetworkMonitor.swift in Sources */,
				E7F2F48A2A377C7000AB2F7B /* FilterButton.swift in Sources */,
				E7F2F4682A370F9F00AB2F7B /* ContentView.swift in Sources */,
				E7F2F4662A370F9F00AB2F7B /* PayBackChallengeApp.swift in Sources */,
			);
			runOnlyForDeploymentPostprocessing = 0;
		};
/* End PBXSourcesBuildPhase section */

/* Begin XCBuildConfiguration section */
		E7F2F46E2A370FA000AB2F7B /* Debug */ = {
			isa = XCBuildConfiguration;
			buildSettings = {
				ALWAYS_SEARCH_USER_PATHS = NO;
				CLANG_ANALYZER_NONNULL = YES;
				CLANG_ANALYZER_NUMBER_OBJECT_CONVERSION = YES_AGGRESSIVE;
				CLANG_CXX_LANGUAGE_STANDARD = "gnu++20";
				CLANG_ENABLE_MODULES = YES;
				CLANG_ENABLE_OBJC_ARC = YES;
				CLANG_ENABLE_OBJC_WEAK = YES;
				CLANG_WARN_BLOCK_CAPTURE_AUTORELEASING = YES;
				CLANG_WARN_BOOL_CONVERSION = YES;
				CLANG_WARN_COMMA = YES;
				CLANG_WARN_CONSTANT_CONVERSION = YES;
				CLANG_WARN_DEPRECATED_OBJC_IMPLEMENTATIONS = YES;
				CLANG_WARN_DIRECT_OBJC_ISA_USAGE = YES_ERROR;
				CLANG_WARN_DOCUMENTATION_COMMENTS = YES;
				CLANG_WARN_EMPTY_BODY = YES;
				CLANG_WARN_ENUM_CONVERSION = YES;
				CLANG_WARN_INFINITE_RECURSION = YES;
				CLANG_WARN_INT_CONVERSION = YES;
				CLANG_WARN_NON_LITERAL_NULL_CONVERSION = YES;
				CLANG_WARN_OBJC_IMPLICIT_RETAIN_SELF = YES;
				CLANG_WARN_OBJC_LITERAL_CONVERSION = YES;
				CLANG_WARN_OBJC_ROOT_CLASS = YES_ERROR;
				CLANG_WARN_QUOTED_INCLUDE_IN_FRAMEWORK_HEADER = YES;
				CLANG_WARN_RANGE_LOOP_ANALYSIS = YES;
				CLANG_WARN_STRICT_PROTOTYPES = YES;
				CLANG_WARN_SUSPICIOUS_MOVE = YES;
				CLANG_WARN_UNGUARDED_AVAILABILITY = YES_AGGRESSIVE;
				CLANG_WARN_UNREACHABLE_CODE = YES;
				CLANG_WARN__DUPLICATE_METHOD_MATCH = YES;
				COPY_PHASE_STRIP = NO;
				DEBUG_INFORMATION_FORMAT = dwarf;
				ENABLE_STRICT_OBJC_MSGSEND = YES;
				ENABLE_TESTABILITY = YES;
				GCC_C_LANGUAGE_STANDARD = gnu11;
				GCC_DYNAMIC_NO_PIC = NO;
				GCC_NO_COMMON_BLOCKS = YES;
				GCC_OPTIMIZATION_LEVEL = 0;
				GCC_PREPROCESSOR_DEFINITIONS = (
					"DEBUG=1",
					"$(inherited)",
				);
				GCC_WARN_64_TO_32_BIT_CONVERSION = YES;
				GCC_WARN_ABOUT_RETURN_TYPE = YES_ERROR;
				GCC_WARN_UNDECLARED_SELECTOR = YES;
				GCC_WARN_UNINITIALIZED_AUTOS = YES_AGGRESSIVE;
				GCC_WARN_UNUSED_FUNCTION = YES;
				GCC_WARN_UNUSED_VARIABLE = YES;
				IPHONEOS_DEPLOYMENT_TARGET = 16.2;
				MTL_ENABLE_DEBUG_INFO = INCLUDE_SOURCE;
				MTL_FAST_MATH = YES;
				ONLY_ACTIVE_ARCH = YES;
				SDKROOT = iphoneos;
				SWIFT_ACTIVE_COMPILATION_CONDITIONS = DEBUG;
				SWIFT_OPTIMIZATION_LEVEL = "-Onone";
			};
			name = Debug;
		};
		E7F2F46F2A370FA000AB2F7B /* Release */ = {
			isa = XCBuildConfiguration;
			buildSettings = {
				ALWAYS_SEARCH_USER_PATHS = NO;
				CLANG_ANALYZER_NONNULL = YES;
				CLANG_ANALYZER_NUMBER_OBJECT_CONVERSION = YES_AGGRESSIVE;
				CLANG_CXX_LANGUAGE_STANDARD = "gnu++20";
				CLANG_ENABLE_MODULES = YES;
				CLANG_ENABLE_OBJC_ARC = YES;
				CLANG_ENABLE_OBJC_WEAK = YES;
				CLANG_WARN_BLOCK_CAPTURE_AUTORELEASING = YES;
				CLANG_WARN_BOOL_CONVERSION = YES;
				CLANG_WARN_COMMA = YES;
				CLANG_WARN_CONSTANT_CONVERSION = YES;
				CLANG_WARN_DEPRECATED_OBJC_IMPLEMENTATIONS = YES;
				CLANG_WARN_DIRECT_OBJC_ISA_USAGE = YES_ERROR;
				CLANG_WARN_DOCUMENTATION_COMMENTS = YES;
				CLANG_WARN_EMPTY_BODY = YES;
				CLANG_WARN_ENUM_CONVERSION = YES;
				CLANG_WARN_INFINITE_RECURSION = YES;
				CLANG_WARN_INT_CONVERSION = YES;
				CLANG_WARN_NON_LITERAL_NULL_CONVERSION = YES;
				CLANG_WARN_OBJC_IMPLICIT_RETAIN_SELF = YES;
				CLANG_WARN_OBJC_LITERAL_CONVERSION = YES;
				CLANG_WARN_OBJC_ROOT_CLASS = YES_ERROR;
				CLANG_WARN_QUOTED_INCLUDE_IN_FRAMEWORK_HEADER = YES;
				CLANG_WARN_RANGE_LOOP_ANALYSIS = YES;
				CLANG_WARN_STRICT_PROTOTYPES = YES;
				CLANG_WARN_SUSPICIOUS_MOVE = YES;
				CLANG_WARN_UNGUARDED_AVAILABILITY = YES_AGGRESSIVE;
				CLANG_WARN_UNREACHABLE_CODE = YES;
				CLANG_WARN__DUPLICATE_METHOD_MATCH = YES;
				COPY_PHASE_STRIP = NO;
				DEBUG_INFORMATION_FORMAT = "dwarf-with-dsym";
				ENABLE_NS_ASSERTIONS = NO;
				ENABLE_STRICT_OBJC_MSGSEND = YES;
				GCC_C_LANGUAGE_STANDARD = gnu11;
				GCC_NO_COMMON_BLOCKS = YES;
				GCC_WARN_64_TO_32_BIT_CONVERSION = YES;
				GCC_WARN_ABOUT_RETURN_TYPE = YES_ERROR;
				GCC_WARN_UNDECLARED_SELECTOR = YES;
				GCC_WARN_UNINITIALIZED_AUTOS = YES_AGGRESSIVE;
				GCC_WARN_UNUSED_FUNCTION = YES;
				GCC_WARN_UNUSED_VARIABLE = YES;
				IPHONEOS_DEPLOYMENT_TARGET = 16.2;
				MTL_ENABLE_DEBUG_INFO = NO;
				MTL_FAST_MATH = YES;
				SDKROOT = iphoneos;
				SWIFT_COMPILATION_MODE = wholemodule;
				SWIFT_OPTIMIZATION_LEVEL = "-O";
				VALIDATE_PRODUCT = YES;
			};
			name = Release;
		};
		E7F2F4712A370FA000AB2F7B /* Debug */ = {
			isa = XCBuildConfiguration;
			buildSettings = {
				ASSETCATALOG_COMPILER_APPICON_NAME = AppIcon;
				ASSETCATALOG_COMPILER_GLOBAL_ACCENT_COLOR_NAME = AccentColor;
				CODE_SIGN_STYLE = Automatic;
				CURRENT_PROJECT_VERSION = 1;
				DEVELOPMENT_ASSET_PATHS = "\"PayBackChallenge/Preview Content\"";
				DEVELOPMENT_TEAM = 882F2W2464;
				ENABLE_PREVIEWS = YES;
				GENERATE_INFOPLIST_FILE = YES;
				INFOPLIST_KEY_UIApplicationSceneManifest_Generation = YES;
				INFOPLIST_KEY_UIApplicationSupportsIndirectInputEvents = YES;
				INFOPLIST_KEY_UILaunchScreen_Generation = YES;
				INFOPLIST_KEY_UISupportedInterfaceOrientations_iPad = "UIInterfaceOrientationPortrait UIInterfaceOrientationPortraitUpsideDown UIInterfaceOrientationLandscapeLeft UIInterfaceOrientationLandscapeRight";
				INFOPLIST_KEY_UISupportedInterfaceOrientations_iPhone = "UIInterfaceOrientationPortrait UIInterfaceOrientationLandscapeLeft UIInterfaceOrientationLandscapeRight";
				LD_RUNPATH_SEARCH_PATHS = (
					"$(inherited)",
					"@executable_path/Frameworks",
				);
				MARKETING_VERSION = 1.0;
				PRODUCT_BUNDLE_IDENTIFIER = konstantinkaniuka.PayBackChallenge;
				PRODUCT_NAME = "$(TARGET_NAME)";
				SWIFT_EMIT_LOC_STRINGS = YES;
				SWIFT_VERSION = 5.0;
				TARGETED_DEVICE_FAMILY = "1,2";
			};
			name = Debug;
		};
		E7F2F4722A370FA000AB2F7B /* Release */ = {
			isa = XCBuildConfiguration;
			buildSettings = {
				ASSETCATALOG_COMPILER_APPICON_NAME = AppIcon;
				ASSETCATALOG_COMPILER_GLOBAL_ACCENT_COLOR_NAME = AccentColor;
				CODE_SIGN_STYLE = Automatic;
				CURRENT_PROJECT_VERSION = 1;
				DEVELOPMENT_ASSET_PATHS = "\"PayBackChallenge/Preview Content\"";
				DEVELOPMENT_TEAM = 882F2W2464;
				ENABLE_PREVIEWS = YES;
				GENERATE_INFOPLIST_FILE = YES;
				INFOPLIST_KEY_UIApplicationSceneManifest_Generation = YES;
				INFOPLIST_KEY_UIApplicationSupportsIndirectInputEvents = YES;
				INFOPLIST_KEY_UILaunchScreen_Generation = YES;
				INFOPLIST_KEY_UISupportedInterfaceOrientations_iPad = "UIInterfaceOrientationPortrait UIInterfaceOrientationPortraitUpsideDown UIInterfaceOrientationLandscapeLeft UIInterfaceOrientationLandscapeRight";
				INFOPLIST_KEY_UISupportedInterfaceOrientations_iPhone = "UIInterfaceOrientationPortrait UIInterfaceOrientationLandscapeLeft UIInterfaceOrientationLandscapeRight";
				LD_RUNPATH_SEARCH_PATHS = (
					"$(inherited)",
					"@executable_path/Frameworks",
				);
				MARKETING_VERSION = 1.0;
				PRODUCT_BUNDLE_IDENTIFIER = konstantinkaniuka.PayBackChallenge;
				PRODUCT_NAME = "$(TARGET_NAME)";
				SWIFT_EMIT_LOC_STRINGS = YES;
				SWIFT_VERSION = 5.0;
				TARGETED_DEVICE_FAMILY = "1,2";
			};
			name = Release;
		};
/* End XCBuildConfiguration section */

/* Begin XCConfigurationList section */
		E7F2F45D2A370F9E00AB2F7B /* Build configuration list for PBXProject "PayBackChallenge" */ = {
			isa = XCConfigurationList;
			buildConfigurations = (
				E7F2F46E2A370FA000AB2F7B /* Debug */,
				E7F2F46F2A370FA000AB2F7B /* Release */,
			);
			defaultConfigurationIsVisible = 0;
			defaultConfigurationName = Release;
		};
		E7F2F4702A370FA000AB2F7B /* Build configuration list for PBXNativeTarget "PayBackChallenge" */ = {
			isa = XCConfigurationList;
			buildConfigurations = (
				E7F2F4712A370FA000AB2F7B /* Debug */,
				E7F2F4722A370FA000AB2F7B /* Release */,
			);
			defaultConfigurationIsVisible = 0;
			defaultConfigurationName = Release;
		};
/* End XCConfigurationList section */
	};
	rootObject = E7F2F45A2A370F9E00AB2F7B /* Project object */;
}
